<?xml version="1.0" encoding="utf-8"?>
<Project ToolsVersion="4.0" xmlns="http://schemas.microsoft.com/developer/msbuild/2003">
  <ItemGroup>
    <Filter Include="Source Files">
      <UniqueIdentifier>{4FC737F1-C7A5-4376-A066-2A32D752A2FF}</UniqueIdentifier>
      <Extensions>cpp;c;cc;cxx;def;odl;idl;hpj;bat;asm;asmx</Extensions>
    </Filter>
    <Filter Include="Header Files">
      <UniqueIdentifier>{93995380-89BD-4b04-88EB-625FBE52EBFB}</UniqueIdentifier>
      <Extensions>h;hh;hpp;hxx;hm;inl;inc;xsd</Extensions>
    </Filter>
    <Filter Include="Resource Files">
      <UniqueIdentifier>{67DA6AB6-F800-4c08-8B7A-83BB121AAD01}</UniqueIdentifier>
      <Extensions>rc;ico;cur;bmp;dlg;rc2;rct;bin;rgs;gif;jpg;jpeg;jpe;resx;tiff;tif;png;wav;mfcribbon-ms</Extensions>
    </Filter>
    <Filter Include="Source Files\rendering">
      <UniqueIdentifier>{12887586-484b-48f3-ab65-4d3aabbbb8e7}</UniqueIdentifier>
    </Filter>
    <Filter Include="Source Files\tests">
      <UniqueIdentifier>{0613369e-a71a-44a4-b7f6-bd1ead157bae}</UniqueIdentifier>
    </Filter>
    <Filter Include="Header Files\rendering">
      <UniqueIdentifier>{786c2465-3518-4926-b834-e77ca6399483}</UniqueIdentifier>
    </Filter>
    <Filter Include="Header Files\utils">
      <UniqueIdentifier>{bf74203e-0dd9-4140-a6c8-68161f6386fd}</UniqueIdentifier>
    </Filter>
    <Filter Include="Source Files\util">
      <UniqueIdentifier>{981e015b-5741-4c9f-9474-2af4a272a1cd}</UniqueIdentifier>
    </Filter>
    <Filter Include="Header Files\input">
      <UniqueIdentifier>{2042ad80-9146-447d-acae-139294c8a0ee}</UniqueIdentifier>
    </Filter>
    <Filter Include="Header Files\tests">
      <UniqueIdentifier>{6bdbe419-aa5a-49f5-979d-0adad3c3b3c5}</UniqueIdentifier>
    </Filter>
    <Filter Include="Header Files\logic">
      <UniqueIdentifier>{b108f555-213a-4b51-a28b-a08fd1a7755a}</UniqueIdentifier>
    </Filter>
    <Filter Include="Header Files\logic\packing">
      <UniqueIdentifier>{12d39b82-e180-4b64-9532-6a8d5d70c902}</UniqueIdentifier>
    </Filter>
    <Filter Include="Header Files\logic\algorithm">
      <UniqueIdentifier>{54c42a7a-1d77-44dc-aea8-223e9385fa1a}</UniqueIdentifier>
    </Filter>
    <Filter Include="Header Files\logic\decompose">
      <UniqueIdentifier>{1b6cbbd6-4fac-41c6-85b2-a0017b389a2f}</UniqueIdentifier>
    </Filter>
    <Filter Include="Header Files\dataStructs">
      <UniqueIdentifier>{e307f8ff-ec55-4de9-9d6c-9d2187440aa1}</UniqueIdentifier>
    </Filter>
    <Filter Include="Source Files\logic">
      <UniqueIdentifier>{29189cc5-69e1-4046-b40c-3041bb59f421}</UniqueIdentifier>
    </Filter>
    <Filter Include="Source Files\logic\algorithm">
      <UniqueIdentifier>{6381b159-b59e-47e3-8b55-3045fd16d6fb}</UniqueIdentifier>
    </Filter>
    <Filter Include="Source Files\logic\decompose">
      <UniqueIdentifier>{fde15fbb-fc41-4c2f-b189-361fa0f7f123}</UniqueIdentifier>
    </Filter>
    <Filter Include="Source Files\logic\packing">
      <UniqueIdentifier>{75ff88c0-ba97-4e87-878f-7122091b0866}</UniqueIdentifier>
    </Filter>
    <Filter Include="Source Files\input">
      <UniqueIdentifier>{4fd0100f-ab8d-49aa-beb8-5041227dda2b}</UniqueIdentifier>
    </Filter>
    <Filter Include="Source Files\dataStructs">
      <UniqueIdentifier>{7d8c49f1-51d2-4ed1-b239-6e06299b7544}</UniqueIdentifier>
    </Filter>
  </ItemGroup>
  <ItemGroup>
    <ClCompile Include="main.cpp">
      <Filter>Source Files</Filter>
    </ClCompile>
    <ClCompile Include="dlxSolverTester.cpp">
      <Filter>Source Files\tests</Filter>
    </ClCompile>
    <ClCompile Include="WorldBuilder.cpp">
      <Filter>Source Files</Filter>
    </ClCompile>
    <ClCompile Include="OpenGLRenderer.cpp">
      <Filter>Source Files\rendering</Filter>
    </ClCompile>
    <ClCompile Include="OpenGLRenderContext.cpp">
      <Filter>Source Files\rendering</Filter>
    </ClCompile>
    <ClCompile Include="OpenGLShader.cpp">
      <Filter>Source Files\rendering</Filter>
    </ClCompile>
    <ClCompile Include="OpenGLShaderProgram.cpp">
      <Filter>Source Files\rendering</Filter>
    </ClCompile>
    <ClCompile Include="ShaderFactory.cpp">
      <Filter>Source Files\rendering</Filter>
    </ClCompile>
    <ClCompile Include="DFPLogger.cpp">
      <Filter>Source Files\util</Filter>
    </ClCompile>
    <ClCompile Include="Decompose.cpp">
      <Filter>Source Files\logic\decompose</Filter>
    </ClCompile>
    <ClCompile Include="DecomposeResult.cpp">
      <Filter>Source Files\logic\decompose</Filter>
    </ClCompile>
    <ClCompile Include="DLXSolver.cpp">
      <Filter>Source Files\logic\algorithm</Filter>
    </ClCompile>
    <ClCompile Include="DisplayHelper.cpp">
      <Filter>Source Files\tests</Filter>
    </ClCompile>
    <ClCompile Include="IsPartFitVisitor.cpp">
      <Filter>Source Files\logic</Filter>
    </ClCompile>
    <ClCompile Include="Packing.cpp">
      <Filter>Source Files\logic\packing</Filter>
    </ClCompile>
    <ClCompile Include="PackResult.cpp">
      <Filter>Source Files\logic\packing</Filter>
    </ClCompile>
    <ClCompile Include="PackSolutionMetaData.cpp">
      <Filter>Source Files\logic\packing</Filter>
    </ClCompile>
    <ClCompile Include="PartBuilder.cpp">
      <Filter>Source Files\input</Filter>
    </ClCompile>
    <ClCompile Include="WorldBuilder.cpp">
      <Filter>Source Files\input</Filter>
    </ClCompile>
    <ClCompile Include="Part.cpp">
      <Filter>Source Files\dataStructs</Filter>
    </ClCompile>
    <ClCompile Include="PartOrientation.cpp">
      <Filter>Source Files\dataStructs</Filter>
    </ClCompile>
    <ClCompile Include="Point.cpp">
      <Filter>Source Files\dataStructs</Filter>
    </ClCompile>
    <ClCompile Include="World.cpp">
      <Filter>Source Files\dataStructs</Filter>
    </ClCompile>
  </ItemGroup>
  <ItemGroup>
    <ClInclude Include="WorldBuilder.h">
      <Filter>Header Files</Filter>
    </ClInclude>
    <ClInclude Include="OpenGLRenderer.h">
      <Filter>Header Files\rendering</Filter>
    </ClInclude>
    <ClInclude Include="OpenGLRenderContext.h">
      <Filter>Header Files\rendering</Filter>
    </ClInclude>
    <ClInclude Include="ShaderFactory.h">
      <Filter>Header Files\rendering</Filter>
    </ClInclude>
    <ClInclude Include="OpenGLShader.h">
      <Filter>Header Files\rendering</Filter>
    </ClInclude>
    <ClInclude Include="OpenGLShaderProgram.h">
      <Filter>Header Files\rendering</Filter>
    </ClInclude>
    <ClInclude Include="DFPLogger.h">
      <Filter>Header Files\utils</Filter>
    </ClInclude>
    <ClInclude Include="OpenGLLibs.h">
      <Filter>Header Files\rendering</Filter>
    </ClInclude>
    <ClInclude Include="CImg.h">
      <Filter>Header Files\input</Filter>
    </ClInclude>
    <ClInclude Include="Decompose.h">
      <Filter>Header Files\logic\decompose</Filter>
    </ClInclude>
    <ClInclude Include="DecomposeResult.h">
      <Filter>Header Files\logic\decompose</Filter>
    </ClInclude>
    <ClInclude Include="DisplayHelper.h">
      <Filter>Header Files\tests</Filter>
    </ClInclude>
    <ClInclude Include="DLXSolver.h">
      <Filter>Header Files\logic\algorithm</Filter>
    </ClInclude>
    <ClInclude Include="DynamicArray.h">
      <Filter>Header Files\utils</Filter>
    </ClInclude>
    <ClInclude Include="IsPartFitVisitor.h">
      <Filter>Header Files\logic</Filter>
    </ClInclude>
    <ClInclude Include="IWorldVisitor.h">
      <Filter>Header Files\logic</Filter>
    </ClInclude>
    <ClInclude Include="Packing.h">
      <Filter>Header Files\logic\packing</Filter>
    </ClInclude>
    <ClInclude Include="PackResult.h">
      <Filter>Header Files\logic\packing</Filter>
    </ClInclude>
    <ClInclude Include="PackSolutionMetaData.h">
      <Filter>Header Files\logic\packing</Filter>
    </ClInclude>
    <ClInclude Include="PartBuilder.h">
      <Filter>Header Files\input</Filter>
    </ClInclude>
    <ClInclude Include="WorldBuilder.h">
      <Filter>Header Files\input</Filter>
    </ClInclude>
    <ClInclude Include="Part.h">
      <Filter>Header Files\dataStructs</Filter>
    </ClInclude>
    <ClInclude Include="PartOrientation.h">
      <Filter>Header Files\dataStructs</Filter>
    </ClInclude>
    <ClInclude Include="Point.h">
      <Filter>Header Files\dataStructs</Filter>
    </ClInclude>
    <ClInclude Include="World.h">
      <Filter>Header Files\dataStructs</Filter>
    </ClInclude>
    <ClInclude Include="dlxSolverTester.h">
      <Filter>Header Files\tests</Filter>
    </ClInclude>
  </ItemGroup>
</Project>