<?xml version="1.0" encoding="utf-8"?>
<Project ToolsVersion="4.0" xmlns="http://schemas.microsoft.com/developer/msbuild/2003">
  <ItemGroup>
    <Filter Include="Source Files">
      <UniqueIdentifier>{4FC737F1-C7A5-4376-A066-2A32D752A2FF}</UniqueIdentifier>
      <Extensions>cpp;c;cc;cxx;def;odl;idl;hpj;bat;asm;asmx</Extensions>
    </Filter>
    <Filter Include="Header Files">
      <UniqueIdentifier>{93995380-89BD-4b04-88EB-625FBE52EBFB}</UniqueIdentifier>
      <Extensions>h;hh;hpp;hxx;hm;inl;inc;xsd</Extensions>
    </Filter>
    <Filter Include="Resource Files">
      <UniqueIdentifier>{67DA6AB6-F800-4c08-8B7A-83BB121AAD01}</UniqueIdentifier>
      <Extensions>rc;ico;cur;bmp;dlg;rc2;rct;bin;rgs;gif;jpg;jpeg;jpe;resx;tiff;tif;png;wav;mfcribbon-ms</Extensions>
    </Filter>
    <Filter Include="Source Files\rendering">
      <UniqueIdentifier>{12887586-484b-48f3-ab65-4d3aabbbb8e7}</UniqueIdentifier>
    </Filter>
    <Filter Include="Source Files\tests">
      <UniqueIdentifier>{0613369e-a71a-44a4-b7f6-bd1ead157bae}</UniqueIdentifier>
    </Filter>
    <Filter Include="Header Files\rendering">
      <UniqueIdentifier>{786c2465-3518-4926-b834-e77ca6399483}</UniqueIdentifier>
    </Filter>
  </ItemGroup>
  <ItemGroup>
    <ClCompile Include="main.cpp">
      <Filter>Source Files</Filter>
    </ClCompile>
    <ClCompile Include="World.cpp">
      <Filter>Source Files</Filter>
    </ClCompile>
    <ClCompile Include="Decompose.cpp">
      <Filter>Source Files</Filter>
    </ClCompile>
    <ClCompile Include="Point.cpp">
      <Filter>Source Files</Filter>
    </ClCompile>
    <ClCompile Include="Part.cpp">
      <Filter>Source Files</Filter>
    </ClCompile>
    <ClCompile Include="DLXSolver.cpp">
      <Filter>Source Files</Filter>
    </ClCompile>
    <ClCompile Include="IsPartFitVisitor.cpp">
      <Filter>Source Files</Filter>
    </ClCompile>
    <ClCompile Include="WorldBuilder.cpp">
      <Filter>Source Files</Filter>
    </ClCompile>
    <ClCompile Include="dlxSolverTester.cpp">
      <Filter>Source Files\tests</Filter>
    </ClCompile>
    <ClCompile Include="WorldBuilder.cpp">
      <Filter>Source Files</Filter>
    </ClCompile>
    <ClCompile Include="OpenGLRenderer.cpp">
      <Filter>Source Files\rendering</Filter>
    </ClCompile>
    <ClCompile Include="PartBuilder.cpp">
      <Filter>Source Files</Filter>
    </ClCompile>
    <ClCompile Include="Packing.cpp">
      <Filter>Source Files</Filter>
    </ClCompile>
    <ClCompile Include="PartOrientation.cpp">
      <Filter>Source Files</Filter>
    </ClCompile>
    <ClCompile Include="OpenGLRenderContext.cpp">
      <Filter>Source Files</Filter>
    </ClCompile>
    <ClCompile Include="DecomposeResult.cpp">
      <Filter>Source Files</Filter>
    </ClCompile>
    <ClCompile Include="DisplayHelper.cpp">
      <Filter>Source Files</Filter>
    </ClCompile>
    <ClCompile Include="PackResult.cpp">
      <Filter>Source Files</Filter>
    </ClCompile>
    <ClCompile Include="PackSolutionMetaData.cpp">
      <Filter>Source Files</Filter>
    </ClCompile>
  </ItemGroup>
  <ItemGroup>
    <ClInclude Include="CImg.h">
      <Filter>Header Files</Filter>
    </ClInclude>
    <ClInclude Include="World.h">
      <Filter>Header Files</Filter>
    </ClInclude>
    <ClInclude Include="Decompose.h">
      <Filter>Header Files</Filter>
    </ClInclude>
    <ClInclude Include="Point.h">
      <Filter>Header Files</Filter>
    </ClInclude>
    <ClInclude Include="Part.h">
      <Filter>Header Files</Filter>
    </ClInclude>
    <ClInclude Include="IWorldVisitor.h">
      <Filter>Header Files</Filter>
    </ClInclude>
    <ClInclude Include="DynamicArray.h">
      <Filter>Header Files</Filter>
    </ClInclude>
    <ClInclude Include="DLXSolver.h">
      <Filter>Header Files</Filter>
    </ClInclude>
    <ClInclude Include="IsPartFitVisitor.h">
      <Filter>Header Files</Filter>
    </ClInclude>
    <ClInclude Include="WorldBuilder.h">
      <Filter>Header Files</Filter>
    </ClInclude>
    <ClInclude Include="PartBuilder.h">
      <Filter>Header Files</Filter>
    </ClInclude>
    <ClInclude Include="dlxSolverTester.h">
      <Filter>Source Files\tests</Filter>
    </ClInclude>
    <ClInclude Include="WorldBuilder.h">
      <Filter>Header Files</Filter>
    </ClInclude>
    <ClInclude Include="OpenGLRenderer.h">
      <Filter>Header Files\rendering</Filter>
    </ClInclude>
    <ClInclude Include="Packing.h">
      <Filter>Header Files</Filter>
    </ClInclude>
    <ClInclude Include="PartOrientation.h">
      <Filter>Header Files</Filter>
    </ClInclude>
    <ClInclude Include="OpenGLRenderContext.h">
      <Filter>Header Files</Filter>
    </ClInclude>
    <ClInclude Include="DecomposeResult.h">
      <Filter>Header Files</Filter>
    </ClInclude>
    <ClInclude Include="DisplayHelper.h">
      <Filter>Header Files</Filter>
    </ClInclude>
    <ClInclude Include="PackResult.h">
      <Filter>Header Files</Filter>
    </ClInclude>
    <ClInclude Include="PackSolutionMetaData.h">
      <Filter>Header Files</Filter>
    </ClInclude>
  </ItemGroup>
</Project>